{
  "name": "Striver-A-to-Z-DSA-Sheet",
  "lockfileVersion": 3,
  "requires": true,
  "packages": {
    "": {
      "devDependencies": {
        "lore": "file:../Lore-test-extension-/scribe"
      }
    },
    "../Lore-test-extension-/scribe": {
      "name": "lore",
      "version": "0.1.0",
      "dev": true,
      "license": "MIT",
      "bin": {
        "lore": "bin/lore.js"
      },
      "engines": {
        "node": ">=18"
      }
    },
    "node_modules/lore": {
      "resolved": "../Lore-test-extension-/scribe",
      "link": true
    }
  }
}
